GNU nano 8.3                                                      yarn.lock
# THIS IS AN AUTOGENERATED FILE. DO NOT EDIT THIS FILE DIRECTLY.
# yarn lockfile v1


viks-a@^1.0.0:
  version "1.0.0"
  resolved "https://registry.yarnpkg.com/viks-a/-/viks-a-1.0.0.tgz#295a9ff6e74c91a856c2e707aeed3df555aed0d8"
  integrity sha512-XH6QbDnN6c35CF913IVu1SOnkkQ4BGVIymvF0KJNvMgtHHA4fxrDvGaS28dDHPhxCM44JSW7MMctSxSQQs9zUA==